
Microsoft Visual Studio Solution File, Format Version 12.00
# Visual Studio Version 16
VisualStudioVersion = 16.0.29911.84
MinimumVisualStudioVersion = 10.0.40219.1
Project("{9A19103F-16F7-4668-BE54-9A1E7A4F7556}") = "DockerConsole", "DockerConsole\DockerConsole.csproj", "{55BC3113-08F5-4C76-8C38-665FBA42FDD3}"
EndProject
Project("{9A19103F-16F7-4668-BE54-9A1E7A4F7556}") = "MsalIdentity", "MsalIdentity\MsalIdentity.csproj", "{00237B53-2994-4BEE-8DBF-41FC96ED7C37}"
EndProject
Project("{FAE04EC0-301F-11D3-BF4B-00C04F79EFBC}") = "EventGridPublisher", "EventGridPublisher\EventGridPublisher.csproj", "{0BC42D12-BFF5-4C85-88B2-D3D87426D83E}"
EndProject
Project("{FAE04EC0-301F-11D3-BF4B-00C04F79EFBC}") = "ServiceBus", "ServiceBus\ServiceBus.csproj", "{59927906-7A90-4EB6-BC25-EB158E83B263}"
EndProject
Global
	GlobalSection(SolutionConfigurationPlatforms) = preSolution
		Debug|Any CPU = Debug|Any CPU
		Release|Any CPU = Release|Any CPU
	EndGlobalSection
	GlobalSection(ProjectConfigurationPlatforms) = postSolution
		{55BC3113-08F5-4C76-8C38-665FBA42FDD3}.Debug|Any CPU.ActiveCfg = Debug|Any CPU
		{55BC3113-08F5-4C76-8C38-665FBA42FDD3}.Debug|Any CPU.Build.0 = Debug|Any CPU
		{55BC3113-08F5-4C76-8C38-665FBA42FDD3}.Release|Any CPU.ActiveCfg = Release|Any CPU
		{55BC3113-08F5-4C76-8C38-665FBA42FDD3}.Release|Any CPU.Build.0 = Release|Any CPU
		{00237B53-2994-4BEE-8DBF-41FC96ED7C37}.Debug|Any CPU.ActiveCfg = Debug|Any CPU
		{00237B53-2994-4BEE-8DBF-41FC96ED7C37}.Debug|Any CPU.Build.0 = Debug|Any CPU
		{00237B53-2994-4BEE-8DBF-41FC96ED7C37}.Release|Any CPU.ActiveCfg = Release|Any CPU
		{00237B53-2994-4BEE-8DBF-41FC96ED7C37}.Release|Any CPU.Build.0 = Release|Any CPU
		{0BC42D12-BFF5-4C85-88B2-D3D87426D83E}.Debug|Any CPU.ActiveCfg = Debug|Any CPU
		{0BC42D12-BFF5-4C85-88B2-D3D87426D83E}.Debug|Any CPU.Build.0 = Debug|Any CPU
		{0BC42D12-BFF5-4C85-88B2-D3D87426D83E}.Release|Any CPU.ActiveCfg = Release|Any CPU
		{0BC42D12-BFF5-4C85-88B2-D3D87426D83E}.Release|Any CPU.Build.0 = Release|Any CPU
		{59927906-7A90-4EB6-BC25-EB158E83B263}.Debug|Any CPU.ActiveCfg = Debug|Any CPU
		{59927906-7A90-4EB6-BC25-EB158E83B263}.Debug|Any CPU.Build.0 = Debug|Any CPU
		{59927906-7A90-4EB6-BC25-EB158E83B263}.Release|Any CPU.ActiveCfg = Release|Any CPU
		{59927906-7A90-4EB6-BC25-EB158E83B263}.Release|Any CPU.Build.0 = Release|Any CPU
	EndGlobalSection
	GlobalSection(SolutionProperties) = preSolution
		HideSolutionNode = FALSE
	EndGlobalSection
	GlobalSection(ExtensibilityGlobals) = postSolution
		SolutionGuid = {C3F2340A-1B0C-44F7-B67A-708D83271E8B}
	EndGlobalSection
EndGlobal
